
Microsoft Visual Studio Solution File, Format Version 12.00
# Visual Studio Version 16
VisualStudioVersion = 16.0.30503.244
MinimumVisualStudioVersion = 10.0.40219.1
Project("{FAE04EC0-301F-11D3-BF4B-00C04F79EFBC}") = "Day2_Examples", "Day2_Examples.csproj", "{6CFF718A-543A-4878-BB35-2A39FC2D1A26}"
EndProject
Global
	GlobalSection(SolutionConfigurationPlatforms) = preSolution
		Debug|Any CPU = Debug|Any CPU
		Release|Any CPU = Release|Any CPU
	EndGlobalSection
	GlobalSection(ProjectConfigurationPlatforms) = postSolution
		{6CFF718A-543A-4878-BB35-2A39FC2D1A26}.Debug|Any CPU.ActiveCfg = Debug|Any CPU
		{6CFF718A-543A-4878-BB35-2A39FC2D1A26}.Debug|Any CPU.Build.0 = Debug|Any CPU
		{6CFF718A-543A-4878-BB35-2A39FC2D1A26}.Release|Any CPU.ActiveCfg = Release|Any CPU
		{6CFF718A-543A-4878-BB35-2A39FC2D1A26}.Release|Any CPU.Build.0 = Release|Any CPU
	EndGlobalSection
	GlobalSection(SolutionProperties) = preSolution
		HideSolutionNode = FALSE
	EndGlobalSection
	GlobalSection(ExtensibilityGlobals) = postSolution
		SolutionGuid = {D40D9295-1C15-4147-999C-C428C932D590}
	EndGlobalSection
EndGlobal
